{
  "name": "sim65-vscode-monorepo",
  "version": "0.1.0",
  "lockfileVersion": 1,
  "requires": true,
  "dependencies": {
    "@types/node": {
      "version": "25.0.6",
      "resolved": "https://registry.npmjs.org/@types/node/-/node-25.0.6.tgz",
      "integrity": "sha512-NNu0sjyNxpoiW3YuVFfNz7mxSQ+S4X2G28uqg2s+CzoqoQjLPsWSbsFFyztIAqt2vb8kfEAsJNepMGPTxFDx3Q==",
      "dev": true,
      "requires": {
        "undici-types": "~7.16.0"
      }
    },
    "@types/vscode": {
      "version": "1.108.1",
      "resolved": "https://registry.npmjs.org/@types/vscode/-/vscode-1.108.1.tgz",
      "integrity": "sha512-DerV0BbSzt87TbrqmZ7lRDIYaMiqvP8tmJTzW2p49ZBVtGUnGAu2RGQd1Wv4XMzEVUpaHbsemVM5nfuQJj7H6w==",
      "dev": true
    },
    "mkdirp": {
      "version": "1.0.4",
      "resolved": "https://registry.npmjs.org/mkdirp/-/mkdirp-1.0.4.tgz",
      "integrity": "sha512-vVqVZQyf3WLx2Shd0qJ9xuvqgAyKPLAiqITEtqW0oIUjzo3PePDd6fW9iFz30ef7Ysp/oiWqbhszeGWW2T6Gzw=="
    },
    "typescript": {
      "version": "5.9.3",
      "resolved": "https://registry.npmjs.org/typescript/-/typescript-5.9.3.tgz",
      "integrity": "sha512-jl1vZzPDinLr9eUt3J/t7V6FgNEw9QjvBPdysz9KfQDD41fQrC2Y4vKQdiaUpFT4bXlb1RHhLpp8wtm6M5TgSw==",
      "dev": true
    },
    "undici-types": {
      "version": "7.16.0",
      "resolved": "https://registry.npmjs.org/undici-types/-/undici-types-7.16.0.tgz",
      "integrity": "sha512-Zz+aZWSj8LE6zoxD+xrjh4VfkIG8Ya6LvYkZqtUQGJPZjYl53ypCaUwWqo7eI0x66KBGeRo+mlBEkMSeSZ38Nw==",
      "dev": true
    },
    "vscode-debugadapter": {
      "version": "1.51.0",
      "resolved": "https://registry.npmjs.org/vscode-debugadapter/-/vscode-debugadapter-1.51.0.tgz",
      "integrity": "sha512-mObaXD5/FH/z6aL2GDuyCLbnwLsYRCAJWgFid01vKW9Y5Si8OvINK+Tn+Yl/lRUbetjNuZW3j1euMEz6z8Yzqg==",
      "requires": {
        "mkdirp": "^1.0.4",
        "vscode-debugprotocol": "1.51.0"
      }
    },
    "vscode-debugprotocol": {
      "version": "1.51.0",
      "resolved": "https://registry.npmjs.org/vscode-debugprotocol/-/vscode-debugprotocol-1.51.0.tgz",
      "integrity": "sha512-dzKWTMMyebIMPF1VYMuuQj7gGFq7guR8AFya0mKacu+ayptJfaRuM0mdHCqiOth4FnRP8mPhEroFPx6Ift8wHA=="
    }
  }
}
